# This file is autogenerated, do not edit; changes may be undone by the next 'dep ensure'.


[[projects]]
  digest = "1:cbec35fe4d5a4fba369a656a8cd65e244ea2c743007d8f6c1ccb132acf9d1296"
  name = "github.com/gorilla/mux"
  packages = ["."]
  pruneopts = "UT"
  revision = "00bdffe0f3c77e27d2cf6f5c70232a2d3e4d9c15"
  version = "v1.7.3"

[[projects]]
  branch = "master"
  digest = "1:6b08571850e095ed2c3140543471a5ac8712978dc01985ea173c5340f83a83d8"
  name = "github.com/philaporter/random"
  packages = ["app"]
  pruneopts = "UT"
  revision = "c5c1abf0ab6cf2492d570e19048e40c4c47a5ffb"

[solve-meta]
  analyzer-name = "dep"
  analyzer-version = 1
  input-imports = [
    "github.com/gorilla/mux",
    "github.com/philaporter/random/app",
  ]
  solver-name = "gps-cdcl"
  solver-version = 1
