# This file is autogenerated, do not edit; changes may be undone by the next 'dep ensure'.


[[projects]]
  digest = "1:cbec35fe4d5a4fba369a656a8cd65e244ea2c743007d8f6c1ccb132acf9d1296"
  name = "github.com/gorilla/mux"
  packages = ["."]
  pruneopts = "UT"
  revision = "00bdffe0f3c77e27d2cf6f5c70232a2d3e4d9c15"
  version = "v1.7.3"

[[projects]]
  branch = "master"
  digest = "1:f3e4c84f16b77ea5b96d63347d93e05c93ebdb0cc51510f5e64ed7d8d4c60c42"
  name = "github.com/philaporter/random"
  packages = ["app"]
  pruneopts = "UT"
  revision = "74c10656f8058bc80898191b5eb6cd6824a40772"

[solve-meta]
  analyzer-name = "dep"
  analyzer-version = 1
  input-imports = [
    "github.com/gorilla/mux",
    "github.com/philaporter/random/app",
  ]
  solver-name = "gps-cdcl"
  solver-version = 1
