# This file is autogenerated, do not edit; changes may be undone by the next 'dep ensure'.


[[projects]]
  branch = "master"
  digest = "1:88ed09b041cede7ee1d938775b502874e21fa9644a04c242fa1378a4e546d31d"
  name = "github.com/alexcesaro/log"
  packages = [
    ".",
    "buflog",
    "golog",
    "stdlog",
  ]
  pruneopts = "UT"
  revision = "61e686294e58a8698a9e1091268bb4ac1116bd5e"

[[projects]]
  digest = "1:cbec35fe4d5a4fba369a656a8cd65e244ea2c743007d8f6c1ccb132acf9d1296"
  name = "github.com/gorilla/mux"
  packages = ["."]
  pruneopts = "UT"
  revision = "00bdffe0f3c77e27d2cf6f5c70232a2d3e4d9c15"
  version = "v1.7.3"

[solve-meta]
  analyzer-name = "dep"
  analyzer-version = 1
  input-imports = [
    "github.com/alexcesaro/log/stdlog",
    "github.com/gorilla/mux",
  ]
  solver-name = "gps-cdcl"
  solver-version = 1
